
Microsoft Visual Studio Solution File, Format Version 12.00
# Visual Studio Version 17
VisualStudioVersion = 17.0.31919.166
MinimumVisualStudioVersion = 10.0.40219.1
Project("{FAE04EC0-301F-11D3-BF4B-00C04F79EFBC}") = "LocalFileSharing", "LocalFileSharing\LocalFileSharing.csproj", "{7F179A3B-FE8F-47C1-8C0E-7E3F89B10A1D}"
EndProject
Global
	GlobalSection(SolutionConfigurationPlatforms) = preSolution
		Debug|Any CPU = Debug|Any CPU
		Release|Any CPU = Release|Any CPU
	EndGlobalSection
	GlobalSection(ProjectConfigurationPlatforms) = postSolution
		{7F179A3B-FE8F-47C1-8C0E-7E3F89B10A1D}.Debug|Any CPU.ActiveCfg = Debug|Any CPU
		{7F179A3B-FE8F-47C1-8C0E-7E3F89B10A1D}.Debug|Any CPU.Build.0 = Debug|Any CPU
		{7F179A3B-FE8F-47C1-8C0E-7E3F89B10A1D}.Release|Any CPU.ActiveCfg = Release|Any CPU
		{7F179A3B-FE8F-47C1-8C0E-7E3F89B10A1D}.Release|Any CPU.Build.0 = Release|Any CPU
	EndGlobalSection
	GlobalSection(SolutionProperties) = preSolution
		HideSolutionNode = FALSE
	EndGlobalSection
	GlobalSection(ExtensibilityGlobals) = postSolution
		SolutionGuid = {37C65735-8319-4EA0-9470-031C3A8AA1F4}
	EndGlobalSection
EndGlobal
